
Microsoft Visual Studio Solution File, Format Version 12.00
# Visual Studio Version 17
VisualStudioVersion = 17.14.36301.6
MinimumVisualStudioVersion = 10.0.40219.1
Project("{FAE04EC0-301F-11D3-BF4B-00C04F79EFBC}") = "NoteAppMVCPattern", "NoteAppMVCPattern\NoteAppMVCPattern.csproj", "{6549CB5F-B5C3-40D2-BE50-E9292FD1447B}"
EndProject
Global
	GlobalSection(SolutionConfigurationPlatforms) = preSolution
		Debug|Any CPU = Debug|Any CPU
		Release|Any CPU = Release|Any CPU
	EndGlobalSection
	GlobalSection(ProjectConfigurationPlatforms) = postSolution
		{6549CB5F-B5C3-40D2-BE50-E9292FD1447B}.Debug|Any CPU.ActiveCfg = Debug|Any CPU
		{6549CB5F-B5C3-40D2-BE50-E9292FD1447B}.Debug|Any CPU.Build.0 = Debug|Any CPU
		{6549CB5F-B5C3-40D2-BE50-E9292FD1447B}.Release|Any CPU.ActiveCfg = Release|Any CPU
		{6549CB5F-B5C3-40D2-BE50-E9292FD1447B}.Release|Any CPU.Build.0 = Release|Any CPU
	EndGlobalSection
	GlobalSection(SolutionProperties) = preSolution
		HideSolutionNode = FALSE
	EndGlobalSection
	GlobalSection(ExtensibilityGlobals) = postSolution
		SolutionGuid = {2EDA3D55-5740-4F5C-8B4C-831654495BFF}
	EndGlobalSection
EndGlobal
